
Microsoft Visual Studio Solution File, Format Version 12.00
# Visual Studio Version 17
VisualStudioVersion = 17.10.35122.118
MinimumVisualStudioVersion = 10.0.40219.1
Project("{2150E333-8FDC-42A3-9474-1A3956D46DE8}") = "Solution Items", "Solution Items", "{A3892824-24E6-41FE-9CF3-2B123226754E}"
	ProjectSection(SolutionItems) = preProject
		.gitignore = .gitignore
		LICENSE = LICENSE
		src\README-projects.md = src\README-projects.md
		tests\README-tests.md = tests\README-tests.md
		README.md = README.md
	EndProjectSection
EndProject
Project("{2150E333-8FDC-42A3-9474-1A3956D46DE8}") = "src", "src", "{71F5A538-2A76-4F9E-8318-9AAC2F5FF7FF}"
EndProject
Project("{2150E333-8FDC-42A3-9474-1A3956D46DE8}") = "Core", "Core", "{1AB2FD1E-1157-48AC-9B2C-9582A846C8CD}"
EndProject
Project("{9A19103F-16F7-4668-BE54-9A1E7A4F7556}") = "Momentum.Domain", "src\Core\Momentum.Domain\Momentum.Domain.csproj", "{283F053E-34F8-4C6C-9ED8-0DA86647C8B6}"
EndProject
Project("{9A19103F-16F7-4668-BE54-9A1E7A4F7556}") = "Momentum.Application", "src\Core\Momentum.Application\Momentum.Application.csproj", "{77449053-603E-40A9-BD08-696360291478}"
	ProjectSection(ProjectDependencies) = postProject
		{283F053E-34F8-4C6C-9ED8-0DA86647C8B6} = {283F053E-34F8-4C6C-9ED8-0DA86647C8B6}
	EndProjectSection
EndProject
Project("{2150E333-8FDC-42A3-9474-1A3956D46DE8}") = "Infrastructure", "Infrastructure", "{4237CB20-7A6B-42A1-8FBF-C98582F9F738}"
EndProject
Project("{9A19103F-16F7-4668-BE54-9A1E7A4F7556}") = "Momentum.Persistence", "src\Infrastructure\Momentum.Persistence\Momentum.Persistence.csproj", "{9D6078B8-4607-4059-A0A8-E0F35EE8284E}"
	ProjectSection(ProjectDependencies) = postProject
		{77449053-603E-40A9-BD08-696360291478} = {77449053-603E-40A9-BD08-696360291478}
	EndProjectSection
EndProject
Project("{2150E333-8FDC-42A3-9474-1A3956D46DE8}") = "Presentation", "Presentation", "{17AB2760-B484-4847-AC5D-BC598637F510}"
EndProject
Project("{9A19103F-16F7-4668-BE54-9A1E7A4F7556}") = "Momentum.Administration", "src\Presentation\Momentum.Administration\Momentum.Administration.csproj", "{CCCEC826-E2AF-461D-B909-77588A33BE62}"
EndProject
Global
	GlobalSection(SolutionConfigurationPlatforms) = preSolution
		Debug|Any CPU = Debug|Any CPU
		Release|Any CPU = Release|Any CPU
	EndGlobalSection
	GlobalSection(ProjectConfigurationPlatforms) = postSolution
		{283F053E-34F8-4C6C-9ED8-0DA86647C8B6}.Debug|Any CPU.ActiveCfg = Debug|Any CPU
		{283F053E-34F8-4C6C-9ED8-0DA86647C8B6}.Debug|Any CPU.Build.0 = Debug|Any CPU
		{283F053E-34F8-4C6C-9ED8-0DA86647C8B6}.Release|Any CPU.ActiveCfg = Release|Any CPU
		{283F053E-34F8-4C6C-9ED8-0DA86647C8B6}.Release|Any CPU.Build.0 = Release|Any CPU
		{77449053-603E-40A9-BD08-696360291478}.Debug|Any CPU.ActiveCfg = Debug|Any CPU
		{77449053-603E-40A9-BD08-696360291478}.Debug|Any CPU.Build.0 = Debug|Any CPU
		{77449053-603E-40A9-BD08-696360291478}.Release|Any CPU.ActiveCfg = Release|Any CPU
		{77449053-603E-40A9-BD08-696360291478}.Release|Any CPU.Build.0 = Release|Any CPU
		{9D6078B8-4607-4059-A0A8-E0F35EE8284E}.Debug|Any CPU.ActiveCfg = Debug|Any CPU
		{9D6078B8-4607-4059-A0A8-E0F35EE8284E}.Debug|Any CPU.Build.0 = Debug|Any CPU
		{9D6078B8-4607-4059-A0A8-E0F35EE8284E}.Release|Any CPU.ActiveCfg = Release|Any CPU
		{9D6078B8-4607-4059-A0A8-E0F35EE8284E}.Release|Any CPU.Build.0 = Release|Any CPU
		{CCCEC826-E2AF-461D-B909-77588A33BE62}.Debug|Any CPU.ActiveCfg = Debug|Any CPU
		{CCCEC826-E2AF-461D-B909-77588A33BE62}.Debug|Any CPU.Build.0 = Debug|Any CPU
		{CCCEC826-E2AF-461D-B909-77588A33BE62}.Release|Any CPU.ActiveCfg = Release|Any CPU
		{CCCEC826-E2AF-461D-B909-77588A33BE62}.Release|Any CPU.Build.0 = Release|Any CPU
	EndGlobalSection
	GlobalSection(SolutionProperties) = preSolution
		HideSolutionNode = FALSE
	EndGlobalSection
	GlobalSection(NestedProjects) = preSolution
		{1AB2FD1E-1157-48AC-9B2C-9582A846C8CD} = {71F5A538-2A76-4F9E-8318-9AAC2F5FF7FF}
		{283F053E-34F8-4C6C-9ED8-0DA86647C8B6} = {1AB2FD1E-1157-48AC-9B2C-9582A846C8CD}
		{77449053-603E-40A9-BD08-696360291478} = {1AB2FD1E-1157-48AC-9B2C-9582A846C8CD}
		{4237CB20-7A6B-42A1-8FBF-C98582F9F738} = {71F5A538-2A76-4F9E-8318-9AAC2F5FF7FF}
		{9D6078B8-4607-4059-A0A8-E0F35EE8284E} = {4237CB20-7A6B-42A1-8FBF-C98582F9F738}
		{17AB2760-B484-4847-AC5D-BC598637F510} = {71F5A538-2A76-4F9E-8318-9AAC2F5FF7FF}
		{CCCEC826-E2AF-461D-B909-77588A33BE62} = {17AB2760-B484-4847-AC5D-BC598637F510}
	EndGlobalSection
	GlobalSection(ExtensibilityGlobals) = postSolution
		SolutionGuid = {433CDDD4-EC75-474A-90A8-D6B2508AB69E}
	EndGlobalSection
EndGlobal
